
Microsoft Visual Studio Solution File, Format Version 12.00
# Visual Studio Version 17
VisualStudioVersion = 17.8.34408.163
MinimumVisualStudioVersion = 10.0.40219.1
Project("{FAE04EC0-301F-11D3-BF4B-00C04F79EFBC}") = "mod9_1302220141", "mod9_1302220141\mod9_1302220141.csproj", "{E64E4A0B-3FE0-453D-B6D4-CE007342C914}"
EndProject
Global
	GlobalSection(SolutionConfigurationPlatforms) = preSolution
		Debug|Any CPU = Debug|Any CPU
		Release|Any CPU = Release|Any CPU
	EndGlobalSection
	GlobalSection(ProjectConfigurationPlatforms) = postSolution
		{E64E4A0B-3FE0-453D-B6D4-CE007342C914}.Debug|Any CPU.ActiveCfg = Debug|Any CPU
		{E64E4A0B-3FE0-453D-B6D4-CE007342C914}.Debug|Any CPU.Build.0 = Debug|Any CPU
		{E64E4A0B-3FE0-453D-B6D4-CE007342C914}.Release|Any CPU.ActiveCfg = Release|Any CPU
		{E64E4A0B-3FE0-453D-B6D4-CE007342C914}.Release|Any CPU.Build.0 = Release|Any CPU
	EndGlobalSection
	GlobalSection(SolutionProperties) = preSolution
		HideSolutionNode = FALSE
	EndGlobalSection
	GlobalSection(ExtensibilityGlobals) = postSolution
		SolutionGuid = {088A1E14-E49B-4676-BDAC-AAF909DAED45}
	EndGlobalSection
EndGlobal
